
Microsoft Visual Studio Solution File, Format Version 12.00
# Visual Studio Version 16
VisualStudioVersion = 16.0.28803.352
MinimumVisualStudioVersion = 10.0.40219.1
Project("{2150E333-8FDC-42A3-9474-1A3956D46DE8}") = "scripts", "scripts", "{411EEB26-1C26-4E77-B8D3-0A97F59920FB}"
	ProjectSection(SolutionItems) = preProject
		ef-scripts.txt = ef-scripts.txt
	EndProjectSection
EndProject
Project("{E53339B2-1760-4266-BCC7-CA923CBCF16C}") = "docker-compose", "InfraAsCode\docker-compose\docker-compose.dcproj", "{36F480DE-47DA-4C27-BC7E-C4906180C03A}"
EndProject
Project("{2150E333-8FDC-42A3-9474-1A3956D46DE8}") = "src", "src", "{9E9B12CE-962D-49D3-AB39-F65AD41C457F}"
EndProject
Project("{2150E333-8FDC-42A3-9474-1A3956D46DE8}") = "tests", "tests", "{3DF1AE21-0B7B-412B-8749-7C1B623F8495}"
EndProject
Project("{9A19103F-16F7-4668-BE54-9A1E7A4F7556}") = "IdentifierGenerator.Application", "src\IdentifierGenerator.Application\IdentifierGenerator.Application.csproj", "{6A04E06C-1439-43C4-8A07-1FBD298EEBD9}"
EndProject
Project("{9A19103F-16F7-4668-BE54-9A1E7A4F7556}") = "IdentifierGenerator.Domain", "src\IdentifierGenerator.Domain\IdentifierGenerator.Domain.csproj", "{D7B11DD5-2E60-44FB-8972-330009C1BBB0}"
EndProject
Project("{9A19103F-16F7-4668-BE54-9A1E7A4F7556}") = "IdentifierGenerator.Infrastructure", "src\IdentifierGenerator.Infrastructure\IdentifierGenerator.Infrastructure.csproj", "{5B11C0E8-297D-478C-9FE7-0CADEE8690E7}"
EndProject
Project("{9A19103F-16F7-4668-BE54-9A1E7A4F7556}") = "IdentifierGenerator.WebApi", "src\IdentifierGenerator.WebApi\IdentifierGenerator.WebApi.csproj", "{7720BF32-623F-4A71-A22B-81C92413E9DE}"
EndProject
Project("{2150E333-8FDC-42A3-9474-1A3956D46DE8}") = "Solution Items", "Solution Items", "{1466433F-D4A2-4BAA-B463-0D57A0B599AD}"
	ProjectSection(SolutionItems) = preProject
		.dockerignore = .dockerignore
		.editorconfig = .editorconfig
		.gitignore = .gitignore
		README.md = README.md
	EndProjectSection
EndProject
Project("{9A19103F-16F7-4668-BE54-9A1E7A4F7556}") = "IdentifierGenerator.Application.UnitTests", "tests\IdentifierGenerator.Application.UnitTests\IdentifierGenerator.Application.UnitTests.csproj", "{0218FCE8-C82A-4325-B86D-E719C72FDB27}"
EndProject
Project("{9A19103F-16F7-4668-BE54-9A1E7A4F7556}") = "IdentifierGenerator.Domain.UnitTests", "tests\IdentifierGenerator.Domain.UnitTests\IdentifierGenerator.Domain.UnitTests.csproj", "{FD3562EB-4085-4254-9B8C-714D57306151}"
EndProject
Project("{9A19103F-16F7-4668-BE54-9A1E7A4F7556}") = "Tools.HealthCheckWatchdog", "src\Tools.HealthCheckWatchdog\Tools.HealthCheckWatchdog.csproj", "{7C73D69C-6548-480C-A366-AAC8A35C44AE}"
EndProject
Global
	GlobalSection(SolutionConfigurationPlatforms) = preSolution
		Debug|Any CPU = Debug|Any CPU
		Release|Any CPU = Release|Any CPU
	EndGlobalSection
	GlobalSection(ProjectConfigurationPlatforms) = postSolution
		{36F480DE-47DA-4C27-BC7E-C4906180C03A}.Debug|Any CPU.ActiveCfg = Debug|Any CPU
		{36F480DE-47DA-4C27-BC7E-C4906180C03A}.Debug|Any CPU.Build.0 = Debug|Any CPU
		{36F480DE-47DA-4C27-BC7E-C4906180C03A}.Release|Any CPU.ActiveCfg = Release|Any CPU
		{36F480DE-47DA-4C27-BC7E-C4906180C03A}.Release|Any CPU.Build.0 = Release|Any CPU
		{6A04E06C-1439-43C4-8A07-1FBD298EEBD9}.Debug|Any CPU.ActiveCfg = Debug|Any CPU
		{6A04E06C-1439-43C4-8A07-1FBD298EEBD9}.Debug|Any CPU.Build.0 = Debug|Any CPU
		{6A04E06C-1439-43C4-8A07-1FBD298EEBD9}.Release|Any CPU.ActiveCfg = Release|Any CPU
		{6A04E06C-1439-43C4-8A07-1FBD298EEBD9}.Release|Any CPU.Build.0 = Release|Any CPU
		{D7B11DD5-2E60-44FB-8972-330009C1BBB0}.Debug|Any CPU.ActiveCfg = Debug|Any CPU
		{D7B11DD5-2E60-44FB-8972-330009C1BBB0}.Debug|Any CPU.Build.0 = Debug|Any CPU
		{D7B11DD5-2E60-44FB-8972-330009C1BBB0}.Release|Any CPU.ActiveCfg = Release|Any CPU
		{D7B11DD5-2E60-44FB-8972-330009C1BBB0}.Release|Any CPU.Build.0 = Release|Any CPU
		{5B11C0E8-297D-478C-9FE7-0CADEE8690E7}.Debug|Any CPU.ActiveCfg = Debug|Any CPU
		{5B11C0E8-297D-478C-9FE7-0CADEE8690E7}.Debug|Any CPU.Build.0 = Debug|Any CPU
		{5B11C0E8-297D-478C-9FE7-0CADEE8690E7}.Release|Any CPU.ActiveCfg = Release|Any CPU
		{5B11C0E8-297D-478C-9FE7-0CADEE8690E7}.Release|Any CPU.Build.0 = Release|Any CPU
		{7720BF32-623F-4A71-A22B-81C92413E9DE}.Debug|Any CPU.ActiveCfg = Debug|Any CPU
		{7720BF32-623F-4A71-A22B-81C92413E9DE}.Debug|Any CPU.Build.0 = Debug|Any CPU
		{7720BF32-623F-4A71-A22B-81C92413E9DE}.Release|Any CPU.ActiveCfg = Release|Any CPU
		{7720BF32-623F-4A71-A22B-81C92413E9DE}.Release|Any CPU.Build.0 = Release|Any CPU
		{0218FCE8-C82A-4325-B86D-E719C72FDB27}.Debug|Any CPU.ActiveCfg = Debug|Any CPU
		{0218FCE8-C82A-4325-B86D-E719C72FDB27}.Debug|Any CPU.Build.0 = Debug|Any CPU
		{0218FCE8-C82A-4325-B86D-E719C72FDB27}.Release|Any CPU.ActiveCfg = Release|Any CPU
		{0218FCE8-C82A-4325-B86D-E719C72FDB27}.Release|Any CPU.Build.0 = Release|Any CPU
		{FD3562EB-4085-4254-9B8C-714D57306151}.Debug|Any CPU.ActiveCfg = Debug|Any CPU
		{FD3562EB-4085-4254-9B8C-714D57306151}.Debug|Any CPU.Build.0 = Debug|Any CPU
		{FD3562EB-4085-4254-9B8C-714D57306151}.Release|Any CPU.ActiveCfg = Release|Any CPU
		{FD3562EB-4085-4254-9B8C-714D57306151}.Release|Any CPU.Build.0 = Release|Any CPU
		{7C73D69C-6548-480C-A366-AAC8A35C44AE}.Debug|Any CPU.ActiveCfg = Debug|Any CPU
		{7C73D69C-6548-480C-A366-AAC8A35C44AE}.Debug|Any CPU.Build.0 = Debug|Any CPU
		{7C73D69C-6548-480C-A366-AAC8A35C44AE}.Release|Any CPU.ActiveCfg = Release|Any CPU
		{7C73D69C-6548-480C-A366-AAC8A35C44AE}.Release|Any CPU.Build.0 = Release|Any CPU
	EndGlobalSection
	GlobalSection(SolutionProperties) = preSolution
		HideSolutionNode = FALSE
	EndGlobalSection
	GlobalSection(NestedProjects) = preSolution
		{6A04E06C-1439-43C4-8A07-1FBD298EEBD9} = {9E9B12CE-962D-49D3-AB39-F65AD41C457F}
		{D7B11DD5-2E60-44FB-8972-330009C1BBB0} = {9E9B12CE-962D-49D3-AB39-F65AD41C457F}
		{5B11C0E8-297D-478C-9FE7-0CADEE8690E7} = {9E9B12CE-962D-49D3-AB39-F65AD41C457F}
		{7720BF32-623F-4A71-A22B-81C92413E9DE} = {9E9B12CE-962D-49D3-AB39-F65AD41C457F}
		{0218FCE8-C82A-4325-B86D-E719C72FDB27} = {3DF1AE21-0B7B-412B-8749-7C1B623F8495}
		{FD3562EB-4085-4254-9B8C-714D57306151} = {3DF1AE21-0B7B-412B-8749-7C1B623F8495}
		{7C73D69C-6548-480C-A366-AAC8A35C44AE} = {9E9B12CE-962D-49D3-AB39-F65AD41C457F}
	EndGlobalSection
	GlobalSection(ExtensibilityGlobals) = postSolution
		SolutionGuid = {B2BDD156-440E-4764-A492-422812CFFF8F}
	EndGlobalSection
EndGlobal
